// !$*UTF8*$!
{
	archiveVersion = 1;
	classes = {
	};
	objectVersion = 50;
	objects = {

/* Begin PBXBuildFile section */
		22C89C712660D0AF003EBE79 /* StartButtonView.swift in Sources */ = {isa = PBXBuildFile; fileRef = 22C89C702660D0AF003EBE79 /* StartButtonView.swift */; };
		22EB3DF72662E6E300304D59 /* OnboardingView.swift in Sources */ = {isa = PBXBuildFile; fileRef = 22EB3DF62662E6E300304D59 /* OnboardingView.swift */; };
		22F52B12265BAD62005E1B36 /* SwiftUI_FructusApp.swift in Sources */ = {isa = PBXBuildFile; fileRef = 22F52B11265BAD62005E1B36 /* SwiftUI_FructusApp.swift */; };
		22F52B14265BAD62005E1B36 /* ContentView.swift in Sources */ = {isa = PBXBuildFile; fileRef = 22F52B13265BAD62005E1B36 /* ContentView.swift */; };
		22F52B16265BAD64005E1B36 /* Assets.xcassets in Resources */ = {isa = PBXBuildFile; fileRef = 22F52B15265BAD64005E1B36 /* Assets.xcassets */; };
		22F52B19265BAD64005E1B36 /* Preview Assets.xcassets in Resources */ = {isa = PBXBuildFile; fileRef = 22F52B18265BAD64005E1B36 /* Preview Assets.xcassets */; };
		22F52B23265BB865005E1B36 /* FruitCardView.swift in Sources */ = {isa = PBXBuildFile; fileRef = 22F52B22265BB865005E1B36 /* FruitCardView.swift */; };
/* End PBXBuildFile section */

/* Begin PBXFileReference section */
		22C89C702660D0AF003EBE79 /* StartButtonView.swift */ = {isa = PBXFileReference; lastKnownFileType = sourcecode.swift; path = StartButtonView.swift; sourceTree = "<group>"; };
		22EB3DF62662E6E300304D59 /* OnboardingView.swift */ = {isa = PBXFileReference; lastKnownFileType = sourcecode.swift; path = OnboardingView.swift; sourceTree = "<group>"; };
		22F52B0E265BAD62005E1B36 /* SwiftUI_Fructus.app */ = {isa = PBXFileReference; explicitFileType = wrapper.application; includeInIndex = 0; path = SwiftUI_Fructus.app; sourceTree = BUILT_PRODUCTS_DIR; };
		22F52B11265BAD62005E1B36 /* SwiftUI_FructusApp.swift */ = {isa = PBXFileReference; lastKnownFileType = sourcecode.swift; path = SwiftUI_FructusApp.swift; sourceTree = "<group>"; };
		22F52B13265BAD62005E1B36 /* ContentView.swift */ = {isa = PBXFileReference; lastKnownFileType = sourcecode.swift; path = ContentView.swift; sourceTree = "<group>"; };
		22F52B15265BAD64005E1B36 /* Assets.xcassets */ = {isa = PBXFileReference; lastKnownFileType = folder.assetcatalog; path = Assets.xcassets; sourceTree = "<group>"; };
		22F52B18265BAD64005E1B36 /* Preview Assets.xcassets */ = {isa = PBXFileReference; lastKnownFileType = folder.assetcatalog; path = "Preview Assets.xcassets"; sourceTree = "<group>"; };
		22F52B1A265BAD64005E1B36 /* Info.plist */ = {isa = PBXFileReference; lastKnownFileType = text.plist.xml; path = Info.plist; sourceTree = "<group>"; };
		22F52B22265BB865005E1B36 /* FruitCardView.swift */ = {isa = PBXFileReference; lastKnownFileType = sourcecode.swift; path = FruitCardView.swift; sourceTree = "<group>"; };
/* End PBXFileReference section */

/* Begin PBXFrameworksBuildPhase section */
		22F52B0B265BAD62005E1B36 /* Frameworks */ = {
			isa = PBXFrameworksBuildPhase;
			buildActionMask = 2147483647;
			files = (
			);
			runOnlyForDeploymentPostprocessing = 0;
		};
/* End PBXFrameworksBuildPhase section */

/* Begin PBXGroup section */
		22F52B05265BAD61005E1B36 = {
			isa = PBXGroup;
			children = (
				22F52B10265BAD62005E1B36 /* SwiftUI_Fructus */,
				22F52B0F265BAD62005E1B36 /* Products */,
			);
			sourceTree = "<group>";
		};
		22F52B0F265BAD62005E1B36 /* Products */ = {
			isa = PBXGroup;
			children = (
				22F52B0E265BAD62005E1B36 /* SwiftUI_Fructus.app */,
			);
			name = Products;
			sourceTree = "<group>";
		};
		22F52B10265BAD62005E1B36 /* SwiftUI_Fructus */ = {
			isa = PBXGroup;
			children = (
				22F52B21265BB82E005E1B36 /* View */,
				22F52B20265BB7F9005E1B36 /* App */,
				22F52B15265BAD64005E1B36 /* Assets.xcassets */,
				22F52B1A265BAD64005E1B36 /* Info.plist */,
				22F52B17265BAD64005E1B36 /* Preview Content */,
			);
			path = SwiftUI_Fructus;
			sourceTree = "<group>";
		};
		22F52B17265BAD64005E1B36 /* Preview Content */ = {
			isa = PBXGroup;
			children = (
				22F52B18265BAD64005E1B36 /* Preview Assets.xcassets */,
			);
			path = "Preview Content";
			sourceTree = "<group>";
		};
		22F52B20265BB7F9005E1B36 /* App */ = {
			isa = PBXGroup;
			children = (
				22F52B11265BAD62005E1B36 /* SwiftUI_FructusApp.swift */,
				22F52B13265BAD62005E1B36 /* ContentView.swift */,
				22EB3DF62662E6E300304D59 /* OnboardingView.swift */,
			);
			path = App;
			sourceTree = "<group>";
		};
		22F52B21265BB82E005E1B36 /* View */ = {
			isa = PBXGroup;
			children = (
				22F52B22265BB865005E1B36 /* FruitCardView.swift */,
				22C89C702660D0AF003EBE79 /* StartButtonView.swift */,
			);
			path = View;
			sourceTree = "<group>";
		};
/* End PBXGroup section */

/* Begin PBXNativeTarget section */
		22F52B0D265BAD62005E1B36 /* SwiftUI_Fructus */ = {
			isa = PBXNativeTarget;
			buildConfigurationList = 22F52B1D265BAD64005E1B36 /* Build configuration list for PBXNativeTarget "SwiftUI_Fructus" */;
			buildPhases = (
				22F52B0A265BAD62005E1B36 /* Sources */,
				22F52B0B265BAD62005E1B36 /* Frameworks */,
				22F52B0C265BAD62005E1B36 /* Resources */,
			);
			buildRules = (
			);
			dependencies = (
			);
			name = SwiftUI_Fructus;
			productName = SwiftUI_Fructus;
			productReference = 22F52B0E265BAD62005E1B36 /* SwiftUI_Fructus.app */;
			productType = "com.apple.product-type.application";
		};
/* End PBXNativeTarget section */

/* Begin PBXProject section */
		22F52B06265BAD61005E1B36 /* Project object */ = {
			isa = PBXProject;
			attributes = {
				LastSwiftUpdateCheck = 1250;
				LastUpgradeCheck = 1250;
				TargetAttributes = {
					22F52B0D265BAD62005E1B36 = {
						CreatedOnToolsVersion = 12.5;
					};
				};
			};
			buildConfigurationList = 22F52B09265BAD61005E1B36 /* Build configuration list for PBXProject "SwiftUI_Fructus" */;
			compatibilityVersion = "Xcode 9.3";
			developmentRegion = en;
			hasScannedForEncodings = 0;
			knownRegions = (
				en,
				Base,
			);
			mainGroup = 22F52B05265BAD61005E1B36;
			productRefGroup = 22F52B0F265BAD62005E1B36 /* Products */;
			projectDirPath = "";
			projectRoot = "";
			targets = (
				22F52B0D265BAD62005E1B36 /* SwiftUI_Fructus */,
			);
		};
/* End PBXProject section */

/* Begin PBXResourcesBuildPhase section */
		22F52B0C265BAD62005E1B36 /* Resources */ = {
			isa = PBXResourcesBuildPhase;
			buildActionMask = 2147483647;
			files = (
				22F52B19265BAD64005E1B36 /* Preview Assets.xcassets in Resources */,
				22F52B16265BAD64005E1B36 /* Assets.xcassets in Resources */,
			);
			runOnlyForDeploymentPostprocessing = 0;
		};
/* End PBXResourcesBuildPhase section */

/* Begin PBXSourcesBuildPhase section */
		22F52B0A265BAD62005E1B36 /* Sources */ = {
			isa = PBXSourcesBuildPhase;
			buildActionMask = 2147483647;
			files = (
				22F52B23265BB865005E1B36 /* FruitCardView.swift in Sources */,
				22C89C712660D0AF003EBE79 /* StartButtonView.swift in Sources */,
				22F52B14265BAD62005E1B36 /* ContentView.swift in Sources */,
				22EB3DF72662E6E300304D59 /* OnboardingView.swift in Sources */,
				22F52B12265BAD62005E1B36 /* SwiftUI_FructusApp.swift in Sources */,
			);
			runOnlyForDeploymentPostprocessing = 0;
		};
/* End PBXSourcesBuildPhase section */

/* Begin XCBuildConfiguration section */
		22F52B1B265BAD64005E1B36 /* Debug */ = {
			isa = XCBuildConfiguration;
			buildSettings = {
				ALWAYS_SEARCH_USER_PATHS = NO;
				CLANG_ANALYZER_NONNULL = YES;
				CLANG_ANALYZER_NUMBER_OBJECT_CONVERSION = YES_AGGRESSIVE;
				CLANG_CXX_LANGUAGE_STANDARD = "gnu++14";
				CLANG_CXX_LIBRARY = "libc++";
				CLANG_ENABLE_MODULES = YES;
				CLANG_ENABLE_OBJC_ARC = YES;
				CLANG_ENABLE_OBJC_WEAK = YES;
				CLANG_WARN_BLOCK_CAPTURE_AUTORELEASING = YES;
				CLANG_WARN_BOOL_CONVERSION = YES;
				CLANG_WARN_COMMA = YES;
				CLANG_WARN_CONSTANT_CONVERSION = YES;
				CLANG_WARN_DEPRECATED_OBJC_IMPLEMENTATIONS = YES;
				CLANG_WARN_DIRECT_OBJC_ISA_USAGE = YES_ERROR;
				CLANG_WARN_DOCUMENTATION_COMMENTS = YES;
				CLANG_WARN_EMPTY_BODY = YES;
				CLANG_WARN_ENUM_CONVERSION = YES;
				CLANG_WARN_INFINITE_RECURSION = YES;
				CLANG_WARN_INT_CONVERSION = YES;
				CLANG_WARN_NON_LITERAL_NULL_CONVERSION = YES;
				CLANG_WARN_OBJC_IMPLICIT_RETAIN_SELF = YES;
				CLANG_WARN_OBJC_LITERAL_CONVERSION = YES;
				CLANG_WARN_OBJC_ROOT_CLASS = YES_ERROR;
				CLANG_WARN_QUOTED_INCLUDE_IN_FRAMEWORK_HEADER = YES;
				CLANG_WARN_RANGE_LOOP_ANALYSIS = YES;
				CLANG_WARN_STRICT_PROTOTYPES = YES;
				CLANG_WARN_SUSPICIOUS_MOVE = YES;
				CLANG_WARN_UNGUARDED_AVAILABILITY = YES_AGGRESSIVE;
				CLANG_WARN_UNREACHABLE_CODE = YES;
				CLANG_WARN__DUPLICATE_METHOD_MATCH = YES;
				COPY_PHASE_STRIP = NO;
				DEBUG_INFORMATION_FORMAT = dwarf;
				ENABLE_STRICT_OBJC_MSGSEND = YES;
				ENABLE_TESTABILITY = YES;
				GCC_C_LANGUAGE_STANDARD = gnu11;
				GCC_DYNAMIC_NO_PIC = NO;
				GCC_NO_COMMON_BLOCKS = YES;
				GCC_OPTIMIZATION_LEVEL = 0;
				GCC_PREPROCESSOR_DEFINITIONS = (
					"DEBUG=1",
					"$(inherited)",
				);
				GCC_WARN_64_TO_32_BIT_CONVERSION = YES;
				GCC_WARN_ABOUT_RETURN_TYPE = YES_ERROR;
				GCC_WARN_UNDECLARED_SELECTOR = YES;
				GCC_WARN_UNINITIALIZED_AUTOS = YES_AGGRESSIVE;
				GCC_WARN_UNUSED_FUNCTION = YES;
				GCC_WARN_UNUSED_VARIABLE = YES;
				IPHONEOS_DEPLOYMENT_TARGET = 14.5;
				MTL_ENABLE_DEBUG_INFO = INCLUDE_SOURCE;
				MTL_FAST_MATH = YES;
				ONLY_ACTIVE_ARCH = YES;
				SDKROOT = iphoneos;
				SWIFT_ACTIVE_COMPILATION_CONDITIONS = DEBUG;
				SWIFT_OPTIMIZATION_LEVEL = "-Onone";
			};
			name = Debug;
		};
		22F52B1C265BAD64005E1B36 /* Release */ = {
			isa = XCBuildConfiguration;
			buildSettings = {
				ALWAYS_SEARCH_USER_PATHS = NO;
				CLANG_ANALYZER_NONNULL = YES;
				CLANG_ANALYZER_NUMBER_OBJECT_CONVERSION = YES_AGGRESSIVE;
				CLANG_CXX_LANGUAGE_STANDARD = "gnu++14";
				CLANG_CXX_LIBRARY = "libc++";
				CLANG_ENABLE_MODULES = YES;
				CLANG_ENABLE_OBJC_ARC = YES;
				CLANG_ENABLE_OBJC_WEAK = YES;
				CLANG_WARN_BLOCK_CAPTURE_AUTORELEASING = YES;
				CLANG_WARN_BOOL_CONVERSION = YES;
				CLANG_WARN_COMMA = YES;
				CLANG_WARN_CONSTANT_CONVERSION = YES;
				CLANG_WARN_DEPRECATED_OBJC_IMPLEMENTATIONS = YES;
				CLANG_WARN_DIRECT_OBJC_ISA_USAGE = YES_ERROR;
				CLANG_WARN_DOCUMENTATION_COMMENTS = YES;
				CLANG_WARN_EMPTY_BODY = YES;
				CLANG_WARN_ENUM_CONVERSION = YES;
				CLANG_WARN_INFINITE_RECURSION = YES;
				CLANG_WARN_INT_CONVERSION = YES;
				CLANG_WARN_NON_LITERAL_NULL_CONVERSION = YES;
				CLANG_WARN_OBJC_IMPLICIT_RETAIN_SELF = YES;
				CLANG_WARN_OBJC_LITERAL_CONVERSION = YES;
				CLANG_WARN_OBJC_ROOT_CLASS = YES_ERROR;
				CLANG_WARN_QUOTED_INCLUDE_IN_FRAMEWORK_HEADER = YES;
				CLANG_WARN_RANGE_LOOP_ANALYSIS = YES;
				CLANG_WARN_STRICT_PROTOTYPES = YES;
				CLANG_WARN_SUSPICIOUS_MOVE = YES;
				CLANG_WARN_UNGUARDED_AVAILABILITY = YES_AGGRESSIVE;
				CLANG_WARN_UNREACHABLE_CODE = YES;
				CLANG_WARN__DUPLICATE_METHOD_MATCH = YES;
				COPY_PHASE_STRIP = NO;
				DEBUG_INFORMATION_FORMAT = "dwarf-with-dsym";
				ENABLE_NS_ASSERTIONS = NO;
				ENABLE_STRICT_OBJC_MSGSEND = YES;
				GCC_C_LANGUAGE_STANDARD = gnu11;
				GCC_NO_COMMON_BLOCKS = YES;
				GCC_WARN_64_TO_32_BIT_CONVERSION = YES;
				GCC_WARN_ABOUT_RETURN_TYPE = YES_ERROR;
				GCC_WARN_UNDECLARED_SELECTOR = YES;
				GCC_WARN_UNINITIALIZED_AUTOS = YES_AGGRESSIVE;
				GCC_WARN_UNUSED_FUNCTION = YES;
				GCC_WARN_UNUSED_VARIABLE = YES;
				IPHONEOS_DEPLOYMENT_TARGET = 14.5;
				MTL_ENABLE_DEBUG_INFO = NO;
				MTL_FAST_MATH = YES;
				SDKROOT = iphoneos;
				SWIFT_COMPILATION_MODE = wholemodule;
				SWIFT_OPTIMIZATION_LEVEL = "-O";
				VALIDATE_PRODUCT = YES;
			};
			name = Release;
		};
		22F52B1E265BAD64005E1B36 /* Debug */ = {
			isa = XCBuildConfiguration;
			buildSettings = {
				ASSETCATALOG_COMPILER_APPICON_NAME = AppIcon;
				ASSETCATALOG_COMPILER_GLOBAL_ACCENT_COLOR_NAME = AccentColor;
				CODE_SIGN_STYLE = Automatic;
				DEVELOPMENT_ASSET_PATHS = "\"SwiftUI_Fructus/Preview Content\"";
				DEVELOPMENT_TEAM = 6E66L27LG6;
				ENABLE_PREVIEWS = YES;
				INFOPLIST_FILE = SwiftUI_Fructus/Info.plist;
				IPHONEOS_DEPLOYMENT_TARGET = 14.0;
				LD_RUNPATH_SEARCH_PATHS = (
					"$(inherited)",
					"@executable_path/Frameworks",
				);
				PRODUCT_BUNDLE_IDENTIFIER = "com.samiparken.SwiftUI-Fructus";
				PRODUCT_NAME = "$(TARGET_NAME)";
				SWIFT_VERSION = 5.0;
				TARGETED_DEVICE_FAMILY = "1,2";
			};
			name = Debug;
		};
		22F52B1F265BAD64005E1B36 /* Release */ = {
			isa = XCBuildConfiguration;
			buildSettings = {
				ASSETCATALOG_COMPILER_APPICON_NAME = AppIcon;
				ASSETCATALOG_COMPILER_GLOBAL_ACCENT_COLOR_NAME = AccentColor;
				CODE_SIGN_STYLE = Automatic;
				DEVELOPMENT_ASSET_PATHS = "\"SwiftUI_Fructus/Preview Content\"";
				DEVELOPMENT_TEAM = 6E66L27LG6;
				ENABLE_PREVIEWS = YES;
				INFOPLIST_FILE = SwiftUI_Fructus/Info.plist;
				IPHONEOS_DEPLOYMENT_TARGET = 14.0;
				LD_RUNPATH_SEARCH_PATHS = (
					"$(inherited)",
					"@executable_path/Frameworks",
				);
				PRODUCT_BUNDLE_IDENTIFIER = "com.samiparken.SwiftUI-Fructus";
				PRODUCT_NAME = "$(TARGET_NAME)";
				SWIFT_VERSION = 5.0;
				TARGETED_DEVICE_FAMILY = "1,2";
			};
			name = Release;
		};
/* End XCBuildConfiguration section */

/* Begin XCConfigurationList section */
		22F52B09265BAD61005E1B36 /* Build configuration list for PBXProject "SwiftUI_Fructus" */ = {
			isa = XCConfigurationList;
			buildConfigurations = (
				22F52B1B265BAD64005E1B36 /* Debug */,
				22F52B1C265BAD64005E1B36 /* Release */,
			);
			defaultConfigurationIsVisible = 0;
			defaultConfigurationName = Release;
		};
		22F52B1D265BAD64005E1B36 /* Build configuration list for PBXNativeTarget "SwiftUI_Fructus" */ = {
			isa = XCConfigurationList;
			buildConfigurations = (
				22F52B1E265BAD64005E1B36 /* Debug */,
				22F52B1F265BAD64005E1B36 /* Release */,
			);
			defaultConfigurationIsVisible = 0;
			defaultConfigurationName = Release;
		};
/* End XCConfigurationList section */
	};
	rootObject = 22F52B06265BAD61005E1B36 /* Project object */;
}
